// !$*UTF8*$!
{
	archiveVersion = 1;
	classes = {
	};
	objectVersion = 51;
	objects = {

/* Begin PBXBuildFile section */
		819FB4400A059A678542EA21 /* Pods_PhotoBank.framework in Frameworks */ = {isa = PBXBuildFile; fileRef = 5AB5FBBF9E3B1AC0DB8851E6 /* Pods_PhotoBank.framework */; };
		CE024EA2211372AD00E51F37 /* UserService.swift in Sources */ = {isa = PBXBuildFile; fileRef = CE024EA1211372AD00E51F37 /* UserService.swift */; };
		CE024EA42113768F00E51F37 /* WalletController.swift in Sources */ = {isa = PBXBuildFile; fileRef = CE024EA32113768F00E51F37 /* WalletController.swift */; };
		CE024EA6211376A600E51F37 /* WalletHeaderView.swift in Sources */ = {isa = PBXBuildFile; fileRef = CE024EA5211376A600E51F37 /* WalletHeaderView.swift */; };
		CE024EA82113779800E51F37 /* KeychainHelper.swift in Sources */ = {isa = PBXBuildFile; fileRef = CE024EA72113779800E51F37 /* KeychainHelper.swift */; };
		CE024EAA2113783F00E51F37 /* QRController.swift in Sources */ = {isa = PBXBuildFile; fileRef = CE024EA92113783F00E51F37 /* QRController.swift */; };
		CE024EAC2113883B00E51F37 /* CommentsController.swift in Sources */ = {isa = PBXBuildFile; fileRef = CE024EAB2113883B00E51F37 /* CommentsController.swift */; };
		CE024EAE2113886100E51F37 /* CommentCell.swift in Sources */ = {isa = PBXBuildFile; fileRef = CE024EAD2113886100E51F37 /* CommentCell.swift */; };
		CE024EB0211388B600E51F37 /* CommentInputView.swift in Sources */ = {isa = PBXBuildFile; fileRef = CE024EAF211388B600E51F37 /* CommentInputView.swift */; };
		CE024EB221138BE600E51F37 /* UsersController.swift in Sources */ = {isa = PBXBuildFile; fileRef = CE024EB121138BE600E51F37 /* UsersController.swift */; };
		CE024EB421139D0300E51F37 /* Model.swift in Sources */ = {isa = PBXBuildFile; fileRef = CE024EB321139D0300E51F37 /* Model.swift */; };
		CE024EB62113A02E00E51F37 /* LoginToolbar.swift in Sources */ = {isa = PBXBuildFile; fileRef = CE024EB52113A02E00E51F37 /* LoginToolbar.swift */; };
		CE024EB82113A04C00E51F37 /* LoginController.swift in Sources */ = {isa = PBXBuildFile; fileRef = CE024EB72113A04C00E51F37 /* LoginController.swift */; };
		CE024EBA2113A76400E51F37 /* InputTextCell.swift in Sources */ = {isa = PBXBuildFile; fileRef = CE024EB92113A76400E51F37 /* InputTextCell.swift */; };
		CE024EBC2113A8D500E51F37 /* HomeController.swift in Sources */ = {isa = PBXBuildFile; fileRef = CE024EBB2113A8D500E51F37 /* HomeController.swift */; };
		CE024EBE2113A9EC00E51F37 /* SignupController.swift in Sources */ = {isa = PBXBuildFile; fileRef = CE024EBD2113A9EC00E51F37 /* SignupController.swift */; };
		CE024EC02113AA5F00E51F37 /* UsernameController.swift in Sources */ = {isa = PBXBuildFile; fileRef = CE024EBF2113AA5F00E51F37 /* UsernameController.swift */; };
		CE024EC22113AD3900E51F37 /* PixelView.swift in Sources */ = {isa = PBXBuildFile; fileRef = CE024EC12113AD3900E51F37 /* PixelView.swift */; };
		CE024EC42113D4A500E51F37 /* PhotoButton.swift in Sources */ = {isa = PBXBuildFile; fileRef = CE024EC32113D4A500E51F37 /* PhotoButton.swift */; };
		CE0629B12234C69E002C5AB0 /* TagsController.swift in Sources */ = {isa = PBXBuildFile; fileRef = CE0629B02234C69E002C5AB0 /* TagsController.swift */; };
		CE06556C2325EC7400937A54 /* ChatCell.swift in Sources */ = {isa = PBXBuildFile; fileRef = CE06556B2325EC7400937A54 /* ChatCell.swift */; };
		CE06556E2326349600937A54 /* CashKeyboard.swift in Sources */ = {isa = PBXBuildFile; fileRef = CE06556D2326349600937A54 /* CashKeyboard.swift */; };
		CE0AB4B62327234900101705 /* NAVMenu.swift in Sources */ = {isa = PBXBuildFile; fileRef = CE0AB4B52327234900101705 /* NAVMenu.swift */; };
		CE0AB4B82327286900101705 /* OrderController.swift in Sources */ = {isa = PBXBuildFile; fileRef = CE0AB4B72327286900101705 /* OrderController.swift */; };
		CE0AB4BA23272B1B00101705 /* OrderConfirmController.swift in Sources */ = {isa = PBXBuildFile; fileRef = CE0AB4B923272B1B00101705 /* OrderConfirmController.swift */; };
		CE0AB4BC23272B4800101705 /* ButtonTableFooterView.swift in Sources */ = {isa = PBXBuildFile; fileRef = CE0AB4BB23272B4800101705 /* ButtonTableFooterView.swift */; };
		CE0AB4BE23275C2A00101705 /* FooterLoginView.swift in Sources */ = {isa = PBXBuildFile; fileRef = CE0AB4BD23275C2A00101705 /* FooterLoginView.swift */; };
		CE0AB4C423283A5200101705 /* Photobank.xcdatamodeld in Sources */ = {isa = PBXBuildFile; fileRef = CE0AB4C223283A5200101705 /* Photobank.xcdatamodeld */; };
		CE0AB4C72328530E00101705 /* Ad+CoreDataClass.swift in Sources */ = {isa = PBXBuildFile; fileRef = CE0AB4C52328530D00101705 /* Ad+CoreDataClass.swift */; };
		CE0AB4C82328530E00101705 /* Ad+CoreDataProperties.swift in Sources */ = {isa = PBXBuildFile; fileRef = CE0AB4C62328530E00101705 /* Ad+CoreDataProperties.swift */; };
		CE16B162211E85900047E903 /* PendingController.swift in Sources */ = {isa = PBXBuildFile; fileRef = CE16B161211E85900047E903 /* PendingController.swift */; };
		CE16B164211F60010047E903 /* ProfileButton.swift in Sources */ = {isa = PBXBuildFile; fileRef = CE16B163211F60010047E903 /* ProfileButton.swift */; };
		CE218CD72117BC0600AD1EF2 /* AmountController.swift in Sources */ = {isa = PBXBuildFile; fileRef = CE218CD62117BC0600AD1EF2 /* AmountController.swift */; };
		CE218CD92117BCEA00AD1EF2 /* WalletService.swift in Sources */ = {isa = PBXBuildFile; fileRef = CE218CD82117BCEA00AD1EF2 /* WalletService.swift */; };
		CE218CDB2117BDF100AD1EF2 /* Constants.swift in Sources */ = {isa = PBXBuildFile; fileRef = CE218CDA2117BDF100AD1EF2 /* Constants.swift */; };
		CE218CE12117CA1D00AD1EF2 /* MnemonicController.swift in Sources */ = {isa = PBXBuildFile; fileRef = CE218CE02117CA1D00AD1EF2 /* MnemonicController.swift */; };
		CE218CE521181BAE00AD1EF2 /* Tools.swift in Sources */ = {isa = PBXBuildFile; fileRef = CE218CE421181BAE00AD1EF2 /* Tools.swift */; };
		CE218CE72118266000AD1EF2 /* ConfirmPaymentController.swift in Sources */ = {isa = PBXBuildFile; fileRef = CE218CE62118266000AD1EF2 /* ConfirmPaymentController.swift */; };
		CE218CE92118C24B00AD1EF2 /* SecurityController.swift in Sources */ = {isa = PBXBuildFile; fileRef = CE218CE82118C24B00AD1EF2 /* SecurityController.swift */; };
		CE218CEB2118C27700AD1EF2 /* EmailController.swift in Sources */ = {isa = PBXBuildFile; fileRef = CE218CEA2118C27700AD1EF2 /* EmailController.swift */; };
		CE218CED2118C2DF00AD1EF2 /* PasswordController.swift in Sources */ = {isa = PBXBuildFile; fileRef = CE218CEC2118C2DF00AD1EF2 /* PasswordController.swift */; };
		CE218CEF2118C30C00AD1EF2 /* BlockedUsersController.swift in Sources */ = {isa = PBXBuildFile; fileRef = CE218CEE2118C30C00AD1EF2 /* BlockedUsersController.swift */; };
		CE218CF12118C33600AD1EF2 /* UserCell.swift in Sources */ = {isa = PBXBuildFile; fileRef = CE218CF02118C33600AD1EF2 /* UserCell.swift */; };
		CE218CF32118C63400AD1EF2 /* NotificationsController.swift in Sources */ = {isa = PBXBuildFile; fileRef = CE218CF22118C63400AD1EF2 /* NotificationsController.swift */; };
		CE218CF52118CB6500AD1EF2 /* ScanController.swift in Sources */ = {isa = PBXBuildFile; fileRef = CE218CF42118CB6500AD1EF2 /* ScanController.swift */; };
		CE218CF72118CE1700AD1EF2 /* PaymentCell.swift in Sources */ = {isa = PBXBuildFile; fileRef = CE218CF62118CE1700AD1EF2 /* PaymentCell.swift */; };
		CE218CF92118EA4F00AD1EF2 /* RecoveryController.swift in Sources */ = {isa = PBXBuildFile; fileRef = CE218CF82118EA4F00AD1EF2 /* RecoveryController.swift */; };
		CE2837F8232C49AC0080DB8B /* AVController.swift in Sources */ = {isa = PBXBuildFile; fileRef = CE2837F7232C49AC0080DB8B /* AVController.swift */; };
		CE2837FA232D7F740080DB8B /* VerticalController.swift in Sources */ = {isa = PBXBuildFile; fileRef = CE2837F9232D7F740080DB8B /* VerticalController.swift */; };
		CE2837FC232D8F5B0080DB8B /* CameraController.swift in Sources */ = {isa = PBXBuildFile; fileRef = CE2837FB232D8F5B0080DB8B /* CameraController.swift */; };
		CE2837FE232DA52C0080DB8B /* StoryCollectionView.swift in Sources */ = {isa = PBXBuildFile; fileRef = CE2837FD232DA52C0080DB8B /* StoryCollectionView.swift */; };
		CE283800232DA5E90080DB8B /* StoryCell.swift in Sources */ = {isa = PBXBuildFile; fileRef = CE2837FF232DA5E90080DB8B /* StoryCell.swift */; };
		CE2E61AB21A1099B00BF46B8 /* Like+CoreDataClass.swift in Sources */ = {isa = PBXBuildFile; fileRef = CE2E61A921A1099B00BF46B8 /* Like+CoreDataClass.swift */; };
		CE2E61AC21A1099B00BF46B8 /* Like+CoreDataProperties.swift in Sources */ = {isa = PBXBuildFile; fileRef = CE2E61AA21A1099B00BF46B8 /* Like+CoreDataProperties.swift */; };
		CE2E628D21AA68DF00BF46B8 /* SoundKit.swift in Sources */ = {isa = PBXBuildFile; fileRef = CE2E628C21AA68DF00BF46B8 /* SoundKit.swift */; };
		CE2E629421AA691C00BF46B8 /* tab01.m4a in Resources */ = {isa = PBXBuildFile; fileRef = CE2E628E21AA691C00BF46B8 /* tab01.m4a */; };
		CE2E629521AA691C00BF46B8 /* tab03.m4a in Resources */ = {isa = PBXBuildFile; fileRef = CE2E628F21AA691C00BF46B8 /* tab03.m4a */; };
		CE2E629621AA691C00BF46B8 /* thud.m4a in Resources */ = {isa = PBXBuildFile; fileRef = CE2E629021AA691C00BF46B8 /* thud.m4a */; };
		CE2E629721AA691C00BF46B8 /* pay.m4a in Resources */ = {isa = PBXBuildFile; fileRef = CE2E629121AA691C00BF46B8 /* pay.m4a */; };
		CE2E629821AA691C00BF46B8 /* tab02.m4a in Resources */ = {isa = PBXBuildFile; fileRef = CE2E629221AA691C00BF46B8 /* tab02.m4a */; };
		CE2E629921AA691C00BF46B8 /* select01.m4a in Resources */ = {isa = PBXBuildFile; fileRef = CE2E629321AA691C00BF46B8 /* select01.m4a */; };
		CE2EEEA2232B64A200658A17 /* NewPageController.swift in Sources */ = {isa = PBXBuildFile; fileRef = CE2EEEA1232B64A200658A17 /* NewPageController.swift */; };
		CE2FE1A32326B7270094C633 /* MessageMoneyCell.swift in Sources */ = {isa = PBXBuildFile; fileRef = CE2FE1A22326B7270094C633 /* MessageMoneyCell.swift */; };
		CE4A9575231321E200EFC617 /* AdService.swift in Sources */ = {isa = PBXBuildFile; fileRef = CE4A9574231321E200EFC617 /* AdService.swift */; };
		CE4A957823133A9400EFC617 /* Activity+CoreDataProperties.swift in Sources */ = {isa = PBXBuildFile; fileRef = CE4A957623133A9400EFC617 /* Activity+CoreDataProperties.swift */; };
		CE4A957923133A9400EFC617 /* Activity+CoreDataClass.swift in Sources */ = {isa = PBXBuildFile; fileRef = CE4A957723133A9400EFC617 /* Activity+CoreDataClass.swift */; };
		CE4A957B23133DE400EFC617 /* AdCell.swift in Sources */ = {isa = PBXBuildFile; fileRef = CE4A957A23133DE400EFC617 /* AdCell.swift */; };
		CE514D9D232416B00073C877 /* NavigationController.swift in Sources */ = {isa = PBXBuildFile; fileRef = CE514D9C232416B00073C877 /* NavigationController.swift */; };
		CE75AE252133CB1B00A54F42 /* ActivityCell.swift in Sources */ = {isa = PBXBuildFile; fileRef = CE75AE242133CB1B00A54F42 /* ActivityCell.swift */; };
		CE75AE272133E95900A54F42 /* ReceiptController.swift in Sources */ = {isa = PBXBuildFile; fileRef = CE75AE262133E95900A54F42 /* ReceiptController.swift */; };
		CE8E2DC3211C065900B45DB2 /* Payment+CoreDataClass.swift in Sources */ = {isa = PBXBuildFile; fileRef = CE8E2DC2211C065900B45DB2 /* Payment+CoreDataClass.swift */; };
		CE8E2DC5211C066100B45DB2 /* Payment+CoreDataProperties.swift in Sources */ = {isa = PBXBuildFile; fileRef = CE8E2DC4211C066100B45DB2 /* Payment+CoreDataProperties.swift */; };
		CE961ED7210BFD6900025D0D /* NewsService.swift in Sources */ = {isa = PBXBuildFile; fileRef = CE961ED6210BFD6900025D0D /* NewsService.swift */; };
		CE961EDD210C517200025D0D /* StatusController.swift in Sources */ = {isa = PBXBuildFile; fileRef = CE961EDC210C517200025D0D /* StatusController.swift */; };
		CE961EDF210CDF2100025D0D /* PersistenceService.swift in Sources */ = {isa = PBXBuildFile; fileRef = CE961EDE210CDF2100025D0D /* PersistenceService.swift */; };
		CE961EF4210D279700025D0D /* StatusHeader.swift in Sources */ = {isa = PBXBuildFile; fileRef = CE961EF3210D279700025D0D /* StatusHeader.swift */; };
		CE961EF6210D2FBB00025D0D /* UserHeader.swift in Sources */ = {isa = PBXBuildFile; fileRef = CE961EF5210D2FBB00025D0D /* UserHeader.swift */; };
		CE961EF8210D364400025D0D /* ActivityController.swift in Sources */ = {isa = PBXBuildFile; fileRef = CE961EF7210D364400025D0D /* ActivityController.swift */; };
		CE961EFA210D6C0900025D0D /* AccountController.swift in Sources */ = {isa = PBXBuildFile; fileRef = CE961EF9210D6C0900025D0D /* AccountController.swift */; };
		CE961EFC210D6C8A00025D0D /* AccountHeader.swift in Sources */ = {isa = PBXBuildFile; fileRef = CE961EFB210D6C8A00025D0D /* AccountHeader.swift */; };
		CE961EFE210D6D2000025D0D /* Theme.swift in Sources */ = {isa = PBXBuildFile; fileRef = CE961EFD210D6D2000025D0D /* Theme.swift */; };
		CE961F00210D713600025D0D /* ComposeController.swift in Sources */ = {isa = PBXBuildFile; fileRef = CE961EFF210D713600025D0D /* ComposeController.swift */; };
		CE961F02210D752C00025D0D /* ComposeToolbar.swift in Sources */ = {isa = PBXBuildFile; fileRef = CE961F01210D752C00025D0D /* ComposeToolbar.swift */; };
		CE961F24210EE29000025D0D /* Status+CoreDataClass.swift in Sources */ = {isa = PBXBuildFile; fileRef = CE961F1E210EE29000025D0D /* Status+CoreDataClass.swift */; };
		CE961F26210EE29000025D0D /* User+CoreDataClass.swift in Sources */ = {isa = PBXBuildFile; fileRef = CE961F20210EE29000025D0D /* User+CoreDataClass.swift */; };
		CE961F27210EE29000025D0D /* Activity+CoreDataClass.swift in Sources */ = {isa = PBXBuildFile; fileRef = CE961F21210EE29000025D0D /* Activity+CoreDataClass.swift */; };
		CE961F28210EE29000025D0D /* Status+CoreDataProperties.swift in Sources */ = {isa = PBXBuildFile; fileRef = CE961F22210EE29000025D0D /* Status+CoreDataProperties.swift */; };
		CEB4800021B6866600DFFB57 /* SwipeController.swift in Sources */ = {isa = PBXBuildFile; fileRef = CEB47FFF21B6866600DFFB57 /* SwipeController.swift */; };
		CEC4F32222FFD33200CCE1AC /* PayController.swift in Sources */ = {isa = PBXBuildFile; fileRef = CEC4F32122FFD33200CCE1AC /* PayController.swift */; };
		CEC4F32622FFE04800CCE1AC /* Token.swift in Sources */ = {isa = PBXBuildFile; fileRef = CEC4F32522FFE04800CCE1AC /* Token.swift */; };
		CEC4F32822FFE0B000CCE1AC /* InputCurrencyCell.swift in Sources */ = {isa = PBXBuildFile; fileRef = CEC4F32722FFE0B000CCE1AC /* InputCurrencyCell.swift */; };
		CEC4F32A22FFE0D900CCE1AC /* TransactionType.swift in Sources */ = {isa = PBXBuildFile; fileRef = CEC4F32922FFE0D900CCE1AC /* TransactionType.swift */; };
		CEC4F32C22FFE17100CCE1AC /* InputNumberCellDelegate.swift in Sources */ = {isa = PBXBuildFile; fileRef = CEC4F32B22FFE17100CCE1AC /* InputNumberCellDelegate.swift */; };
		CEC4F32E22FFE3CD00CCE1AC /* OrderService.swift in Sources */ = {isa = PBXBuildFile; fileRef = CEC4F32D22FFE3CD00CCE1AC /* OrderService.swift */; };
		CEC4F33022FFE3FF00CCE1AC /* ExchangeOrder.swift in Sources */ = {isa = PBXBuildFile; fileRef = CEC4F32F22FFE3FF00CCE1AC /* ExchangeOrder.swift */; };
		CEC4F3322300A90400CCE1AC /* TableFooterView.swift in Sources */ = {isa = PBXBuildFile; fileRef = CEC4F3312300A90400CCE1AC /* TableFooterView.swift */; };
		CECC03FA211647B800AD8390 /* Comment.swift in Sources */ = {isa = PBXBuildFile; fileRef = CECC03F8211647B800AD8390 /* Comment.swift */; };
		CECC03FD21165AF700AD8390 /* EditProfileController.swift in Sources */ = {isa = PBXBuildFile; fileRef = CECC03FC21165AF700AD8390 /* EditProfileController.swift */; };
		CECC03FF21165D6E00AD8390 /* InputTextViewCell.swift in Sources */ = {isa = PBXBuildFile; fileRef = CECC03FE21165D6E00AD8390 /* InputTextViewCell.swift */; };
		CECC040121176C2400AD8390 /* Activity+CoreDataClass.swift in Sources */ = {isa = PBXBuildFile; fileRef = CECC040021176C2300AD8390 /* Activity+CoreDataClass.swift */; };
		CECC040321176F2500AD8390 /* ActivityService.swift in Sources */ = {isa = PBXBuildFile; fileRef = CECC040221176F2500AD8390 /* ActivityService.swift */; };
		CEDA042D2112AF1E00F57E15 /* PhotoCell.swift in Sources */ = {isa = PBXBuildFile; fileRef = CEDA042C2112AF1E00F57E15 /* PhotoCell.swift */; };
		CEDA042F2112C02500F57E15 /* DiscoverController.swift in Sources */ = {isa = PBXBuildFile; fileRef = CEDA042E2112C02500F57E15 /* DiscoverController.swift */; };
		CEEBB934210BF827007E87EE /* AppDelegate.swift in Sources */ = {isa = PBXBuildFile; fileRef = CEEBB933210BF827007E87EE /* AppDelegate.swift */; };
		CEEBB936210BF827007E87EE /* UserController.swift in Sources */ = {isa = PBXBuildFile; fileRef = CEEBB935210BF827007E87EE /* UserController.swift */; };
		CEEBB93E210BF829007E87EE /* Assets.xcassets in Resources */ = {isa = PBXBuildFile; fileRef = CEEBB93D210BF829007E87EE /* Assets.xcassets */; };
		CEEBB941210BF829007E87EE /* LaunchScreen.storyboard in Resources */ = {isa = PBXBuildFile; fileRef = CEEBB93F210BF829007E87EE /* LaunchScreen.storyboard */; };
		CEEBB949210BF896007E87EE /* TabBar.swift in Sources */ = {isa = PBXBuildFile; fileRef = CEEBB948210BF896007E87EE /* TabBar.swift */; };
		CEEBB94B210BF8B2007E87EE /* TimelineController.swift in Sources */ = {isa = PBXBuildFile; fileRef = CEEBB94A210BF8B2007E87EE /* TimelineController.swift */; };
		CEEBB94D210BF8C9007E87EE /* StatusCell.swift in Sources */ = {isa = PBXBuildFile; fileRef = CEEBB94C210BF8C9007E87EE /* StatusCell.swift */; };
		CEF37E3F2325A8B80028DFE0 /* PaymentController.swift in Sources */ = {isa = PBXBuildFile; fileRef = CEF37E3E2325A8B80028DFE0 /* PaymentController.swift */; };
		CEF37E412325A8F70028DFE0 /* PaymentHeader.swift in Sources */ = {isa = PBXBuildFile; fileRef = CEF37E402325A8F70028DFE0 /* PaymentHeader.swift */; };
		CEFA04142195709F00F1103A /* ErrorPresenter.swift in Sources */ = {isa = PBXBuildFile; fileRef = CEFA04132195709F00F1103A /* ErrorPresenter.swift */; };
		CEFA041B21992C6B00F1103A /* GoogleService-Info.plist in Resources */ = {isa = PBXBuildFile; fileRef = CEFA041A21992C6A00F1103A /* GoogleService-Info.plist */; };
		CEFA041D219A182B00F1103A /* CurrencyField.swift in Sources */ = {isa = PBXBuildFile; fileRef = CEFA041C219A182B00F1103A /* CurrencyField.swift */; };
		CEFAA6B92321B49400D123D7 /* WalletLoginController.swift in Sources */ = {isa = PBXBuildFile; fileRef = CEFAA6B82321B49400D123D7 /* WalletLoginController.swift */; };
		CEFAA6BB2321F98F00D123D7 /* MessagesController.swift in Sources */ = {isa = PBXBuildFile; fileRef = CEFAA6BA2321F98F00D123D7 /* MessagesController.swift */; };
		CEFAA6BD2321FCC900D123D7 /* ChatController.swift in Sources */ = {isa = PBXBuildFile; fileRef = CEFAA6BC2321FCC900D123D7 /* ChatController.swift */; };
		CEFAA6BF2321FD9C00D123D7 /* Chat.swift in Sources */ = {isa = PBXBuildFile; fileRef = CEFAA6BE2321FD9C00D123D7 /* Chat.swift */; };
		CEFAA6C12321FDC300D123D7 /* Message.swift in Sources */ = {isa = PBXBuildFile; fileRef = CEFAA6C02321FDC300D123D7 /* Message.swift */; };
		CEFAA6C32321FF6000D123D7 /* ChatService.swift in Sources */ = {isa = PBXBuildFile; fileRef = CEFAA6C22321FF6000D123D7 /* ChatService.swift */; };
		CEFAA6C52322008800D123D7 /* MessageCell.swift in Sources */ = {isa = PBXBuildFile; fileRef = CEFAA6C42322008800D123D7 /* MessageCell.swift */; };
		CEFAA6C7232200A600D123D7 /* ChatInputView.swift in Sources */ = {isa = PBXBuildFile; fileRef = CEFAA6C6232200A600D123D7 /* ChatInputView.swift */; };
		CEFAA6C92322156E00D123D7 /* NewChatController.swift in Sources */ = {isa = PBXBuildFile; fileRef = CEFAA6C82322156E00D123D7 /* NewChatController.swift */; };
/* End PBXBuildFile section */

/* Begin PBXFileReference section */
		33C1161669D002C5429683CE /* Pods-PhotoBank.release.xcconfig */ = {isa = PBXFileReference; includeInIndex = 1; lastKnownFileType = text.xcconfig; name = "Pods-PhotoBank.release.xcconfig"; path = "Target Support Files/Pods-PhotoBank/Pods-PhotoBank.release.xcconfig"; sourceTree = "<group>"; };
		5AB5FBBF9E3B1AC0DB8851E6 /* Pods_PhotoBank.framework */ = {isa = PBXFileReference; explicitFileType = wrapper.framework; includeInIndex = 0; path = Pods_PhotoBank.framework; sourceTree = BUILT_PRODUCTS_DIR; };
		756EB2943701D23EB1D503A6 /* Pods-PhotoBank.debug.xcconfig */ = {isa = PBXFileReference; includeInIndex = 1; lastKnownFileType = text.xcconfig; name = "Pods-PhotoBank.debug.xcconfig"; path = "Target Support Files/Pods-PhotoBank/Pods-PhotoBank.debug.xcconfig"; sourceTree = "<group>"; };
		CE024EA1211372AD00E51F37 /* UserService.swift */ = {isa = PBXFileReference; lastKnownFileType = sourcecode.swift; path = UserService.swift; sourceTree = "<group>"; };
		CE024EA32113768F00E51F37 /* WalletController.swift */ = {isa = PBXFileReference; lastKnownFileType = sourcecode.swift; path = WalletController.swift; sourceTree = "<group>"; };
		CE024EA5211376A600E51F37 /* WalletHeaderView.swift */ = {isa = PBXFileReference; lastKnownFileType = sourcecode.swift; path = WalletHeaderView.swift; sourceTree = "<group>"; };
		CE024EA72113779800E51F37 /* KeychainHelper.swift */ = {isa = PBXFileReference; lastKnownFileType = sourcecode.swift; path = KeychainHelper.swift; sourceTree = "<group>"; };
		CE024EA92113783F00E51F37 /* QRController.swift */ = {isa = PBXFileReference; lastKnownFileType = sourcecode.swift; path = QRController.swift; sourceTree = "<group>"; };
		CE024EAB2113883B00E51F37 /* CommentsController.swift */ = {isa = PBXFileReference; lastKnownFileType = sourcecode.swift; path = CommentsController.swift; sourceTree = "<group>"; };
		CE024EAD2113886100E51F37 /* CommentCell.swift */ = {isa = PBXFileReference; lastKnownFileType = sourcecode.swift; path = CommentCell.swift; sourceTree = "<group>"; };
		CE024EAF211388B600E51F37 /* CommentInputView.swift */ = {isa = PBXFileReference; lastKnownFileType = sourcecode.swift; path = CommentInputView.swift; sourceTree = "<group>"; };
		CE024EB121138BE600E51F37 /* UsersController.swift */ = {isa = PBXFileReference; lastKnownFileType = sourcecode.swift; path = UsersController.swift; sourceTree = "<group>"; };
		CE024EB321139D0300E51F37 /* Model.swift */ = {isa = PBXFileReference; lastKnownFileType = sourcecode.swift; path = Model.swift; sourceTree = "<group>"; };
		CE024EB52113A02E00E51F37 /* LoginToolbar.swift */ = {isa = PBXFileReference; lastKnownFileType = sourcecode.swift; path = LoginToolbar.swift; sourceTree = "<group>"; };
		CE024EB72113A04C00E51F37 /* LoginController.swift */ = {isa = PBXFileReference; lastKnownFileType = sourcecode.swift; path = LoginController.swift; sourceTree = "<group>"; };
		CE024EB92113A76400E51F37 /* InputTextCell.swift */ = {isa = PBXFileReference; lastKnownFileType = sourcecode.swift; path = InputTextCell.swift; sourceTree = "<group>"; };
		CE024EBB2113A8D500E51F37 /* HomeController.swift */ = {isa = PBXFileReference; lastKnownFileType = sourcecode.swift; path = HomeController.swift; sourceTree = "<group>"; };
		CE024EBD2113A9EC00E51F37 /* SignupController.swift */ = {isa = PBXFileReference; lastKnownFileType = sourcecode.swift; path = SignupController.swift; sourceTree = "<group>"; };
		CE024EBF2113AA5F00E51F37 /* UsernameController.swift */ = {isa = PBXFileReference; lastKnownFileType = sourcecode.swift; path = UsernameController.swift; sourceTree = "<group>"; };
		CE024EC12113AD3900E51F37 /* PixelView.swift */ = {isa = PBXFileReference; lastKnownFileType = sourcecode.swift; path = PixelView.swift; sourceTree = "<group>"; };
		CE024EC32113D4A500E51F37 /* PhotoButton.swift */ = {isa = PBXFileReference; lastKnownFileType = sourcecode.swift; path = PhotoButton.swift; sourceTree = "<group>"; };
		CE0629B02234C69E002C5AB0 /* TagsController.swift */ = {isa = PBXFileReference; lastKnownFileType = sourcecode.swift; path = TagsController.swift; sourceTree = "<group>"; };
		CE06556B2325EC7400937A54 /* ChatCell.swift */ = {isa = PBXFileReference; lastKnownFileType = sourcecode.swift; path = ChatCell.swift; sourceTree = "<group>"; };
		CE06556D2326349600937A54 /* CashKeyboard.swift */ = {isa = PBXFileReference; lastKnownFileType = sourcecode.swift; path = CashKeyboard.swift; sourceTree = "<group>"; };
		CE0AB4B52327234900101705 /* NAVMenu.swift */ = {isa = PBXFileReference; lastKnownFileType = sourcecode.swift; path = NAVMenu.swift; sourceTree = "<group>"; };
		CE0AB4B72327286900101705 /* OrderController.swift */ = {isa = PBXFileReference; lastKnownFileType = sourcecode.swift; path = OrderController.swift; sourceTree = "<group>"; };
		CE0AB4B923272B1B00101705 /* OrderConfirmController.swift */ = {isa = PBXFileReference; lastKnownFileType = sourcecode.swift; path = OrderConfirmController.swift; sourceTree = "<group>"; };
		CE0AB4BB23272B4800101705 /* ButtonTableFooterView.swift */ = {isa = PBXFileReference; lastKnownFileType = sourcecode.swift; path = ButtonTableFooterView.swift; sourceTree = "<group>"; };
		CE0AB4BD23275C2A00101705 /* FooterLoginView.swift */ = {isa = PBXFileReference; lastKnownFileType = sourcecode.swift; path = FooterLoginView.swift; sourceTree = "<group>"; };
		CE0AB4C323283A5200101705 /* Photobank.xcdatamodel */ = {isa = PBXFileReference; lastKnownFileType = wrapper.xcdatamodel; path = Photobank.xcdatamodel; sourceTree = "<group>"; };
		CE0AB4C52328530D00101705 /* Ad+CoreDataClass.swift */ = {isa = PBXFileReference; fileEncoding = 4; lastKnownFileType = sourcecode.swift; path = "Ad+CoreDataClass.swift"; sourceTree = "<group>"; };
		CE0AB4C62328530E00101705 /* Ad+CoreDataProperties.swift */ = {isa = PBXFileReference; fileEncoding = 4; lastKnownFileType = sourcecode.swift; path = "Ad+CoreDataProperties.swift"; sourceTree = "<group>"; };
		CE0AB4C92328699300101705 /* PhotoBank.entitlements */ = {isa = PBXFileReference; lastKnownFileType = text.plist.entitlements; path = PhotoBank.entitlements; sourceTree = "<group>"; };
		CE16B161211E85900047E903 /* PendingController.swift */ = {isa = PBXFileReference; lastKnownFileType = sourcecode.swift; path = PendingController.swift; sourceTree = "<group>"; };
		CE16B163211F60010047E903 /* ProfileButton.swift */ = {isa = PBXFileReference; lastKnownFileType = sourcecode.swift; path = ProfileButton.swift; sourceTree = "<group>"; };
		CE218CD62117BC0600AD1EF2 /* AmountController.swift */ = {isa = PBXFileReference; lastKnownFileType = sourcecode.swift; path = AmountController.swift; sourceTree = "<group>"; };
		CE218CD82117BCEA00AD1EF2 /* WalletService.swift */ = {isa = PBXFileReference; lastKnownFileType = sourcecode.swift; path = WalletService.swift; sourceTree = "<group>"; };
		CE218CDA2117BDF100AD1EF2 /* Constants.swift */ = {isa = PBXFileReference; lastKnownFileType = sourcecode.swift; path = Constants.swift; sourceTree = "<group>"; };
		CE218CE02117CA1D00AD1EF2 /* MnemonicController.swift */ = {isa = PBXFileReference; lastKnownFileType = sourcecode.swift; path = MnemonicController.swift; sourceTree = "<group>"; };
		CE218CE421181BAE00AD1EF2 /* Tools.swift */ = {isa = PBXFileReference; lastKnownFileType = sourcecode.swift; path = Tools.swift; sourceTree = "<group>"; };
		CE218CE62118266000AD1EF2 /* ConfirmPaymentController.swift */ = {isa = PBXFileReference; lastKnownFileType = sourcecode.swift; path = ConfirmPaymentController.swift; sourceTree = "<group>"; };
		CE218CE82118C24B00AD1EF2 /* SecurityController.swift */ = {isa = PBXFileReference; lastKnownFileType = sourcecode.swift; path = SecurityController.swift; sourceTree = "<group>"; };
		CE218CEA2118C27700AD1EF2 /* EmailController.swift */ = {isa = PBXFileReference; lastKnownFileType = sourcecode.swift; path = EmailController.swift; sourceTree = "<group>"; };
		CE218CEC2118C2DF00AD1EF2 /* PasswordController.swift */ = {isa = PBXFileReference; lastKnownFileType = sourcecode.swift; path = PasswordController.swift; sourceTree = "<group>"; };
		CE218CEE2118C30C00AD1EF2 /* BlockedUsersController.swift */ = {isa = PBXFileReference; lastKnownFileType = sourcecode.swift; path = BlockedUsersController.swift; sourceTree = "<group>"; };
		CE218CF02118C33600AD1EF2 /* UserCell.swift */ = {isa = PBXFileReference; lastKnownFileType = sourcecode.swift; path = UserCell.swift; sourceTree = "<group>"; };
		CE218CF22118C63400AD1EF2 /* NotificationsController.swift */ = {isa = PBXFileReference; lastKnownFileType = sourcecode.swift; path = NotificationsController.swift; sourceTree = "<group>"; };
		CE218CF42118CB6500AD1EF2 /* ScanController.swift */ = {isa = PBXFileReference; lastKnownFileType = sourcecode.swift; path = ScanController.swift; sourceTree = "<group>"; };
		CE218CF62118CE1700AD1EF2 /* PaymentCell.swift */ = {isa = PBXFileReference; lastKnownFileType = sourcecode.swift; path = PaymentCell.swift; sourceTree = "<group>"; };
		CE218CF82118EA4F00AD1EF2 /* RecoveryController.swift */ = {isa = PBXFileReference; lastKnownFileType = sourcecode.swift; path = RecoveryController.swift; sourceTree = "<group>"; };
		CE2837F7232C49AC0080DB8B /* AVController.swift */ = {isa = PBXFileReference; lastKnownFileType = sourcecode.swift; path = AVController.swift; sourceTree = "<group>"; };
		CE2837F9232D7F740080DB8B /* VerticalController.swift */ = {isa = PBXFileReference; lastKnownFileType = sourcecode.swift; path = VerticalController.swift; sourceTree = "<group>"; };
		CE2837FB232D8F5B0080DB8B /* CameraController.swift */ = {isa = PBXFileReference; lastKnownFileType = sourcecode.swift; path = CameraController.swift; sourceTree = "<group>"; };
		CE2837FD232DA52C0080DB8B /* StoryCollectionView.swift */ = {isa = PBXFileReference; lastKnownFileType = sourcecode.swift; path = StoryCollectionView.swift; sourceTree = "<group>"; };
		CE2837FF232DA5E90080DB8B /* StoryCell.swift */ = {isa = PBXFileReference; lastKnownFileType = sourcecode.swift; path = StoryCell.swift; sourceTree = "<group>"; };
		CE2E61A921A1099B00BF46B8 /* Like+CoreDataClass.swift */ = {isa = PBXFileReference; fileEncoding = 4; lastKnownFileType = sourcecode.swift; path = "Like+CoreDataClass.swift"; sourceTree = "<group>"; };
		CE2E61AA21A1099B00BF46B8 /* Like+CoreDataProperties.swift */ = {isa = PBXFileReference; fileEncoding = 4; lastKnownFileType = sourcecode.swift; path = "Like+CoreDataProperties.swift"; sourceTree = "<group>"; };
		CE2E628C21AA68DF00BF46B8 /* SoundKit.swift */ = {isa = PBXFileReference; lastKnownFileType = sourcecode.swift; path = SoundKit.swift; sourceTree = "<group>"; };
		CE2E628E21AA691C00BF46B8 /* tab01.m4a */ = {isa = PBXFileReference; lastKnownFileType = file; path = tab01.m4a; sourceTree = "<group>"; };
		CE2E628F21AA691C00BF46B8 /* tab03.m4a */ = {isa = PBXFileReference; lastKnownFileType = file; path = tab03.m4a; sourceTree = "<group>"; };
		CE2E629021AA691C00BF46B8 /* thud.m4a */ = {isa = PBXFileReference; lastKnownFileType = file; path = thud.m4a; sourceTree = "<group>"; };
		CE2E629121AA691C00BF46B8 /* pay.m4a */ = {isa = PBXFileReference; lastKnownFileType = file; path = pay.m4a; sourceTree = "<group>"; };
		CE2E629221AA691C00BF46B8 /* tab02.m4a */ = {isa = PBXFileReference; lastKnownFileType = file; path = tab02.m4a; sourceTree = "<group>"; };
		CE2E629321AA691C00BF46B8 /* select01.m4a */ = {isa = PBXFileReference; lastKnownFileType = file; path = select01.m4a; sourceTree = "<group>"; };
		CE2EEEA1232B64A200658A17 /* NewPageController.swift */ = {isa = PBXFileReference; lastKnownFileType = sourcecode.swift; path = NewPageController.swift; sourceTree = "<group>"; };
		CE2FE1A22326B7270094C633 /* MessageMoneyCell.swift */ = {isa = PBXFileReference; lastKnownFileType = sourcecode.swift; path = MessageMoneyCell.swift; sourceTree = "<group>"; };
		CE4A9574231321E200EFC617 /* AdService.swift */ = {isa = PBXFileReference; lastKnownFileType = sourcecode.swift; path = AdService.swift; sourceTree = "<group>"; };
		CE4A957623133A9400EFC617 /* Activity+CoreDataProperties.swift */ = {isa = PBXFileReference; lastKnownFileType = sourcecode.swift; path = "Activity+CoreDataProperties.swift"; sourceTree = "<group>"; };
		CE4A957723133A9400EFC617 /* Activity+CoreDataClass.swift */ = {isa = PBXFileReference; lastKnownFileType = sourcecode.swift; name = "Activity+CoreDataClass.swift"; path = "/Users/Hello/Desktop/Projects/PhotoBank/PhotoBank/Model/Activity+CoreDataClass.swift"; sourceTree = "<absolute>"; };
		CE4A957A23133DE400EFC617 /* AdCell.swift */ = {isa = PBXFileReference; lastKnownFileType = sourcecode.swift; path = AdCell.swift; sourceTree = "<group>"; };
		CE514D9C232416B00073C877 /* NavigationController.swift */ = {isa = PBXFileReference; lastKnownFileType = sourcecode.swift; path = NavigationController.swift; sourceTree = "<group>"; };
		CE75AE242133CB1B00A54F42 /* ActivityCell.swift */ = {isa = PBXFileReference; lastKnownFileType = sourcecode.swift; path = ActivityCell.swift; sourceTree = "<group>"; };
		CE75AE262133E95900A54F42 /* ReceiptController.swift */ = {isa = PBXFileReference; lastKnownFileType = sourcecode.swift; path = ReceiptController.swift; sourceTree = "<group>"; };
		CE8E2DC2211C065900B45DB2 /* Payment+CoreDataClass.swift */ = {isa = PBXFileReference; fileEncoding = 4; lastKnownFileType = sourcecode.swift; path = "Payment+CoreDataClass.swift"; sourceTree = "<group>"; };
		CE8E2DC4211C066100B45DB2 /* Payment+CoreDataProperties.swift */ = {isa = PBXFileReference; fileEncoding = 4; lastKnownFileType = sourcecode.swift; path = "Payment+CoreDataProperties.swift"; sourceTree = "<group>"; };
		CE961ED6210BFD6900025D0D /* NewsService.swift */ = {isa = PBXFileReference; lastKnownFileType = sourcecode.swift; path = NewsService.swift; sourceTree = "<group>"; };
		CE961EDC210C517200025D0D /* StatusController.swift */ = {isa = PBXFileReference; lastKnownFileType = sourcecode.swift; path = StatusController.swift; sourceTree = "<group>"; };
		CE961EDE210CDF2100025D0D /* PersistenceService.swift */ = {isa = PBXFileReference; lastKnownFileType = sourcecode.swift; name = PersistenceService.swift; path = PhotoBank/PersistenceService.swift; sourceTree = SOURCE_ROOT; };
		CE961EF3210D279700025D0D /* StatusHeader.swift */ = {isa = PBXFileReference; lastKnownFileType = sourcecode.swift; path = StatusHeader.swift; sourceTree = "<group>"; };
		CE961EF5210D2FBB00025D0D /* UserHeader.swift */ = {isa = PBXFileReference; lastKnownFileType = sourcecode.swift; path = UserHeader.swift; sourceTree = "<group>"; };
		CE961EF7210D364400025D0D /* ActivityController.swift */ = {isa = PBXFileReference; lastKnownFileType = sourcecode.swift; path = ActivityController.swift; sourceTree = "<group>"; };
		CE961EF9210D6C0900025D0D /* AccountController.swift */ = {isa = PBXFileReference; lastKnownFileType = sourcecode.swift; path = AccountController.swift; sourceTree = "<group>"; };
		CE961EFB210D6C8A00025D0D /* AccountHeader.swift */ = {isa = PBXFileReference; lastKnownFileType = sourcecode.swift; path = AccountHeader.swift; sourceTree = "<group>"; };
		CE961EFD210D6D2000025D0D /* Theme.swift */ = {isa = PBXFileReference; lastKnownFileType = sourcecode.swift; path = Theme.swift; sourceTree = "<group>"; };
		CE961EFF210D713600025D0D /* ComposeController.swift */ = {isa = PBXFileReference; lastKnownFileType = sourcecode.swift; path = ComposeController.swift; sourceTree = "<group>"; };
		CE961F01210D752C00025D0D /* ComposeToolbar.swift */ = {isa = PBXFileReference; lastKnownFileType = sourcecode.swift; path = ComposeToolbar.swift; sourceTree = "<group>"; };
		CE961F1E210EE29000025D0D /* Status+CoreDataClass.swift */ = {isa = PBXFileReference; fileEncoding = 4; lastKnownFileType = sourcecode.swift; path = "Status+CoreDataClass.swift"; sourceTree = "<group>"; };
		CE961F20210EE29000025D0D /* User+CoreDataClass.swift */ = {isa = PBXFileReference; fileEncoding = 4; lastKnownFileType = sourcecode.swift; path = "User+CoreDataClass.swift"; sourceTree = "<group>"; };
		CE961F21210EE29000025D0D /* Activity+CoreDataClass.swift */ = {isa = PBXFileReference; fileEncoding = 4; lastKnownFileType = sourcecode.swift; path = "Activity+CoreDataClass.swift"; sourceTree = "<group>"; };
		CE961F22210EE29000025D0D /* Status+CoreDataProperties.swift */ = {isa = PBXFileReference; fileEncoding = 4; lastKnownFileType = sourcecode.swift; path = "Status+CoreDataProperties.swift"; sourceTree = "<group>"; };
		CEB47FFF21B6866600DFFB57 /* SwipeController.swift */ = {isa = PBXFileReference; lastKnownFileType = sourcecode.swift; path = SwipeController.swift; sourceTree = "<group>"; };
		CEC4F32122FFD33200CCE1AC /* PayController.swift */ = {isa = PBXFileReference; lastKnownFileType = sourcecode.swift; path = PayController.swift; sourceTree = "<group>"; };
		CEC4F32522FFE04800CCE1AC /* Token.swift */ = {isa = PBXFileReference; lastKnownFileType = sourcecode.swift; path = Token.swift; sourceTree = "<group>"; };
		CEC4F32722FFE0B000CCE1AC /* InputCurrencyCell.swift */ = {isa = PBXFileReference; lastKnownFileType = sourcecode.swift; path = InputCurrencyCell.swift; sourceTree = "<group>"; };
		CEC4F32922FFE0D900CCE1AC /* TransactionType.swift */ = {isa = PBXFileReference; lastKnownFileType = sourcecode.swift; path = TransactionType.swift; sourceTree = "<group>"; };
		CEC4F32B22FFE17100CCE1AC /* InputNumberCellDelegate.swift */ = {isa = PBXFileReference; lastKnownFileType = sourcecode.swift; path = InputNumberCellDelegate.swift; sourceTree = "<group>"; };
		CEC4F32D22FFE3CD00CCE1AC /* OrderService.swift */ = {isa = PBXFileReference; lastKnownFileType = sourcecode.swift; path = OrderService.swift; sourceTree = "<group>"; };
		CEC4F32F22FFE3FF00CCE1AC /* ExchangeOrder.swift */ = {isa = PBXFileReference; lastKnownFileType = sourcecode.swift; path = ExchangeOrder.swift; sourceTree = "<group>"; };
		CEC4F3312300A90400CCE1AC /* TableFooterView.swift */ = {isa = PBXFileReference; lastKnownFileType = sourcecode.swift; path = TableFooterView.swift; sourceTree = "<group>"; };
		CECC03F8211647B800AD8390 /* Comment.swift */ = {isa = PBXFileReference; lastKnownFileType = sourcecode.swift; path = Comment.swift; sourceTree = "<group>"; };
		CECC03FC21165AF700AD8390 /* EditProfileController.swift */ = {isa = PBXFileReference; lastKnownFileType = sourcecode.swift; path = EditProfileController.swift; sourceTree = "<group>"; };
		CECC03FE21165D6E00AD8390 /* InputTextViewCell.swift */ = {isa = PBXFileReference; lastKnownFileType = sourcecode.swift; path = InputTextViewCell.swift; sourceTree = "<group>"; };
		CECC040021176C2300AD8390 /* Activity+CoreDataClass.swift */ = {isa = PBXFileReference; lastKnownFileType = sourcecode.swift; path = "Activity+CoreDataClass.swift"; sourceTree = "<group>"; };
		CECC040221176F2500AD8390 /* ActivityService.swift */ = {isa = PBXFileReference; lastKnownFileType = sourcecode.swift; path = ActivityService.swift; sourceTree = "<group>"; };
		CEDA042C2112AF1E00F57E15 /* PhotoCell.swift */ = {isa = PBXFileReference; lastKnownFileType = sourcecode.swift; path = PhotoCell.swift; sourceTree = "<group>"; };
		CEDA042E2112C02500F57E15 /* DiscoverController.swift */ = {isa = PBXFileReference; lastKnownFileType = sourcecode.swift; path = DiscoverController.swift; sourceTree = "<group>"; };
		CEEBB930210BF827007E87EE /* PhotoBank.app */ = {isa = PBXFileReference; explicitFileType = wrapper.application; includeInIndex = 0; path = PhotoBank.app; sourceTree = BUILT_PRODUCTS_DIR; };
		CEEBB933210BF827007E87EE /* AppDelegate.swift */ = {isa = PBXFileReference; lastKnownFileType = sourcecode.swift; path = AppDelegate.swift; sourceTree = "<group>"; };
		CEEBB935210BF827007E87EE /* UserController.swift */ = {isa = PBXFileReference; lastKnownFileType = sourcecode.swift; path = UserController.swift; sourceTree = "<group>"; };
		CEEBB93D210BF829007E87EE /* Assets.xcassets */ = {isa = PBXFileReference; lastKnownFileType = folder.assetcatalog; path = Assets.xcassets; sourceTree = "<group>"; };
		CEEBB940210BF829007E87EE /* Base */ = {isa = PBXFileReference; lastKnownFileType = file.storyboard; name = Base; path = Base.lproj/LaunchScreen.storyboard; sourceTree = "<group>"; };
		CEEBB942210BF829007E87EE /* Info.plist */ = {isa = PBXFileReference; lastKnownFileType = text.plist.xml; path = Info.plist; sourceTree = "<group>"; };
		CEEBB948210BF896007E87EE /* TabBar.swift */ = {isa = PBXFileReference; lastKnownFileType = sourcecode.swift; path = TabBar.swift; sourceTree = "<group>"; };
		CEEBB94A210BF8B2007E87EE /* TimelineController.swift */ = {isa = PBXFileReference; lastKnownFileType = sourcecode.swift; path = TimelineController.swift; sourceTree = "<group>"; };
		CEEBB94C210BF8C9007E87EE /* StatusCell.swift */ = {isa = PBXFileReference; lastKnownFileType = sourcecode.swift; path = StatusCell.swift; sourceTree = "<group>"; };
		CEF37E3E2325A8B80028DFE0 /* PaymentController.swift */ = {isa = PBXFileReference; lastKnownFileType = sourcecode.swift; path = PaymentController.swift; sourceTree = "<group>"; };
		CEF37E402325A8F70028DFE0 /* PaymentHeader.swift */ = {isa = PBXFileReference; lastKnownFileType = sourcecode.swift; path = PaymentHeader.swift; sourceTree = "<group>"; };
		CEFA04132195709F00F1103A /* ErrorPresenter.swift */ = {isa = PBXFileReference; lastKnownFileType = sourcecode.swift; name = ErrorPresenter.swift; path = PhotoBank/Controller/ErrorPresenter.swift; sourceTree = SOURCE_ROOT; };
		CEFA041A21992C6A00F1103A /* GoogleService-Info.plist */ = {isa = PBXFileReference; fileEncoding = 4; lastKnownFileType = text.plist.xml; path = "GoogleService-Info.plist"; sourceTree = "<group>"; };
		CEFA041C219A182B00F1103A /* CurrencyField.swift */ = {isa = PBXFileReference; lastKnownFileType = sourcecode.swift; path = CurrencyField.swift; sourceTree = "<group>"; };
		CEFAA6B82321B49400D123D7 /* WalletLoginController.swift */ = {isa = PBXFileReference; lastKnownFileType = sourcecode.swift; path = WalletLoginController.swift; sourceTree = "<group>"; };
		CEFAA6BA2321F98F00D123D7 /* MessagesController.swift */ = {isa = PBXFileReference; lastKnownFileType = sourcecode.swift; path = MessagesController.swift; sourceTree = "<group>"; };
		CEFAA6BC2321FCC900D123D7 /* ChatController.swift */ = {isa = PBXFileReference; lastKnownFileType = sourcecode.swift; path = ChatController.swift; sourceTree = "<group>"; };
		CEFAA6BE2321FD9C00D123D7 /* Chat.swift */ = {isa = PBXFileReference; lastKnownFileType = sourcecode.swift; path = Chat.swift; sourceTree = "<group>"; };
		CEFAA6C02321FDC300D123D7 /* Message.swift */ = {isa = PBXFileReference; lastKnownFileType = sourcecode.swift; path = Message.swift; sourceTree = "<group>"; };
		CEFAA6C22321FF6000D123D7 /* ChatService.swift */ = {isa = PBXFileReference; lastKnownFileType = sourcecode.swift; path = ChatService.swift; sourceTree = "<group>"; };
		CEFAA6C42322008800D123D7 /* MessageCell.swift */ = {isa = PBXFileReference; lastKnownFileType = sourcecode.swift; path = MessageCell.swift; sourceTree = "<group>"; };
		CEFAA6C6232200A600D123D7 /* ChatInputView.swift */ = {isa = PBXFileReference; lastKnownFileType = sourcecode.swift; path = ChatInputView.swift; sourceTree = "<group>"; };
		CEFAA6C82322156E00D123D7 /* NewChatController.swift */ = {isa = PBXFileReference; lastKnownFileType = sourcecode.swift; path = NewChatController.swift; sourceTree = "<group>"; };
/* End PBXFileReference section */

/* Begin PBXFrameworksBuildPhase section */
		CEEBB92D210BF827007E87EE /* Frameworks */ = {
			isa = PBXFrameworksBuildPhase;
			buildActionMask = 2147483647;
			files = (
				819FB4400A059A678542EA21 /* Pods_PhotoBank.framework in Frameworks */,
			);
			runOnlyForDeploymentPostprocessing = 0;
		};
/* End PBXFrameworksBuildPhase section */

/* Begin PBXGroup section */
		1DAED0D90C7520ECA142169C /* Pods */ = {
			isa = PBXGroup;
			children = (
				756EB2943701D23EB1D503A6 /* Pods-PhotoBank.debug.xcconfig */,
				33C1161669D002C5429683CE /* Pods-PhotoBank.release.xcconfig */,
			);
			path = Pods;
			sourceTree = "<group>";
		};
		1EBC845725CB4944CE679719 /* Frameworks */ = {
			isa = PBXGroup;
			children = (
				5AB5FBBF9E3B1AC0DB8851E6 /* Pods_PhotoBank.framework */,
			);
			name = Frameworks;
			sourceTree = "<group>";
		};
		CE2E628B21AA68D400BF46B8 /* Sound */ = {
			isa = PBXGroup;
			children = (
				CE2E629121AA691C00BF46B8 /* pay.m4a */,
				CE2E629321AA691C00BF46B8 /* select01.m4a */,
				CE2E628E21AA691C00BF46B8 /* tab01.m4a */,
				CE2E629221AA691C00BF46B8 /* tab02.m4a */,
				CE2E628F21AA691C00BF46B8 /* tab03.m4a */,
				CE2E629021AA691C00BF46B8 /* thud.m4a */,
				CE2E628C21AA68DF00BF46B8 /* SoundKit.swift */,
			);
			path = Sound;
			sourceTree = "<group>";
		};
		CE961EE0210D257D00025D0D /* Model */ = {
			isa = PBXGroup;
			children = (
				CE0AB4C52328530D00101705 /* Ad+CoreDataClass.swift */,
				CE0AB4C62328530E00101705 /* Ad+CoreDataProperties.swift */,
				CE4A957723133A9400EFC617 /* Activity+CoreDataClass.swift */,
				CE4A957623133A9400EFC617 /* Activity+CoreDataProperties.swift */,
				CE961F21210EE29000025D0D /* Activity+CoreDataClass.swift */,
				CECC040021176C2300AD8390 /* Activity+CoreDataClass.swift */,
				CECC03F8211647B800AD8390 /* Comment.swift */,
				CE2E61A921A1099B00BF46B8 /* Like+CoreDataClass.swift */,
				CE2E61AA21A1099B00BF46B8 /* Like+CoreDataProperties.swift */,
				CE8E2DC2211C065900B45DB2 /* Payment+CoreDataClass.swift */,
				CE8E2DC4211C066100B45DB2 /* Payment+CoreDataProperties.swift */,
				CE961F1E210EE29000025D0D /* Status+CoreDataClass.swift */,
				CE961F22210EE29000025D0D /* Status+CoreDataProperties.swift */,
				CE961F20210EE29000025D0D /* User+CoreDataClass.swift */,
				CE024EB321139D0300E51F37 /* Model.swift */,
				CEC4F32522FFE04800CCE1AC /* Token.swift */,
				CEC4F32922FFE0D900CCE1AC /* TransactionType.swift */,
				CEC4F32F22FFE3FF00CCE1AC /* ExchangeOrder.swift */,
				CEFAA6BE2321FD9C00D123D7 /* Chat.swift */,
				CEFAA6C02321FDC300D123D7 /* Message.swift */,
			);
			path = Model;
			sourceTree = "<group>";
		};
		CE961EE1210D258400025D0D /* View */ = {
			isa = PBXGroup;
			children = (
				CE4A957A23133DE400EFC617 /* AdCell.swift */,
				CE961EFB210D6C8A00025D0D /* AccountHeader.swift */,
				CE75AE242133CB1B00A54F42 /* ActivityCell.swift */,
				CE06556B2325EC7400937A54 /* ChatCell.swift */,
				CEFAA6C6232200A600D123D7 /* ChatInputView.swift */,
				CE024EAD2113886100E51F37 /* CommentCell.swift */,
				CE024EAF211388B600E51F37 /* CommentInputView.swift */,
				CE961F01210D752C00025D0D /* ComposeToolbar.swift */,
				CE024EB92113A76400E51F37 /* InputTextCell.swift */,
				CECC03FE21165D6E00AD8390 /* InputTextViewCell.swift */,
				CEC4F32722FFE0B000CCE1AC /* InputCurrencyCell.swift */,
				CEC4F32B22FFE17100CCE1AC /* InputNumberCellDelegate.swift */,
				CE024EB52113A02E00E51F37 /* LoginToolbar.swift */,
				CEFAA6C42322008800D123D7 /* MessageCell.swift */,
				CE2FE1A22326B7270094C633 /* MessageMoneyCell.swift */,
				CEDA042C2112AF1E00F57E15 /* PhotoCell.swift */,
				CE024EC12113AD3900E51F37 /* PixelView.swift */,
				CE024EC32113D4A500E51F37 /* PhotoButton.swift */,
				CE16B163211F60010047E903 /* ProfileButton.swift */,
				CE961EF3210D279700025D0D /* StatusHeader.swift */,
				CEEBB94C210BF8C9007E87EE /* StatusCell.swift */,
				CE218CF02118C33600AD1EF2 /* UserCell.swift */,
				CE961EF5210D2FBB00025D0D /* UserHeader.swift */,
				CE218CF62118CE1700AD1EF2 /* PaymentCell.swift */,
				CEC4F3312300A90400CCE1AC /* TableFooterView.swift */,
				CEF37E402325A8F70028DFE0 /* PaymentHeader.swift */,
				CE06556D2326349600937A54 /* CashKeyboard.swift */,
				CE024EA5211376A600E51F37 /* WalletHeaderView.swift */,
				CE0AB4B52327234900101705 /* NAVMenu.swift */,
				CE0AB4BB23272B4800101705 /* ButtonTableFooterView.swift */,
				CE0AB4BD23275C2A00101705 /* FooterLoginView.swift */,
				CE2837FD232DA52C0080DB8B /* StoryCollectionView.swift */,
				CE2837FF232DA5E90080DB8B /* StoryCell.swift */,
			);
			path = View;
			sourceTree = "<group>";
		};
		CE961EE2210D258800025D0D /* Controller */ = {
			isa = PBXGroup;
			children = (
				CE218CD62117BC0600AD1EF2 /* AmountController.swift */,
				CE961EF9210D6C0900025D0D /* AccountController.swift */,
				CE961EF7210D364400025D0D /* ActivityController.swift */,
				CE218CEE2118C30C00AD1EF2 /* BlockedUsersController.swift */,
				CE2837FB232D8F5B0080DB8B /* CameraController.swift */,
				CE961EFF210D713600025D0D /* ComposeController.swift */,
				CE024EAB2113883B00E51F37 /* CommentsController.swift */,
				CEFAA6BC2321FCC900D123D7 /* ChatController.swift */,
				CE218CE62118266000AD1EF2 /* ConfirmPaymentController.swift */,
				CEDA042E2112C02500F57E15 /* DiscoverController.swift */,
				CE218CEA2118C27700AD1EF2 /* EmailController.swift */,
				CECC03FC21165AF700AD8390 /* EditProfileController.swift */,
				CE024EBB2113A8D500E51F37 /* HomeController.swift */,
				CE024EB72113A04C00E51F37 /* LoginController.swift */,
				CEFAA6BA2321F98F00D123D7 /* MessagesController.swift */,
				CE218CE02117CA1D00AD1EF2 /* MnemonicController.swift */,
				CEFAA6C82322156E00D123D7 /* NewChatController.swift */,
				CE218CF22118C63400AD1EF2 /* NotificationsController.swift */,
				CE218CEC2118C2DF00AD1EF2 /* PasswordController.swift */,
				CE024EA92113783F00E51F37 /* QRController.swift */,
				CE218CF82118EA4F00AD1EF2 /* RecoveryController.swift */,
				CE218CF42118CB6500AD1EF2 /* ScanController.swift */,
				CE961EDC210C517200025D0D /* StatusController.swift */,
				CE024EBD2113A9EC00E51F37 /* SignupController.swift */,
				CE218CE82118C24B00AD1EF2 /* SecurityController.swift */,
				CEEBB948210BF896007E87EE /* TabBar.swift */,
				CEEBB94A210BF8B2007E87EE /* TimelineController.swift */,
				CEEBB935210BF827007E87EE /* UserController.swift */,
				CE024EBF2113AA5F00E51F37 /* UsernameController.swift */,
				CE024EB121138BE600E51F37 /* UsersController.swift */,
				CE16B161211E85900047E903 /* PendingController.swift */,
				CE75AE262133E95900A54F42 /* ReceiptController.swift */,
				CEB47FFF21B6866600DFFB57 /* SwipeController.swift */,
				CE0629B02234C69E002C5AB0 /* TagsController.swift */,
				CEC4F32122FFD33200CCE1AC /* PayController.swift */,
				CE024EA32113768F00E51F37 /* WalletController.swift */,
				CEFAA6B82321B49400D123D7 /* WalletLoginController.swift */,
				CE514D9C232416B00073C877 /* NavigationController.swift */,
				CEF37E3E2325A8B80028DFE0 /* PaymentController.swift */,
				CE0AB4B72327286900101705 /* OrderController.swift */,
				CE0AB4B923272B1B00101705 /* OrderConfirmController.swift */,
				CE2EEEA1232B64A200658A17 /* NewPageController.swift */,
				CE2837F7232C49AC0080DB8B /* AVController.swift */,
				CE2837F9232D7F740080DB8B /* VerticalController.swift */,
			);
			path = Controller;
			sourceTree = "<group>";
		};
		CE961EF2210D273500025D0D /* Services */ = {
			isa = PBXGroup;
			children = (
				CECC040221176F2500AD8390 /* ActivityService.swift */,
				CE4A9574231321E200EFC617 /* AdService.swift */,
				CEFAA6C22321FF6000D123D7 /* ChatService.swift */,
				CE961ED6210BFD6900025D0D /* NewsService.swift */,
				CE024EA1211372AD00E51F37 /* UserService.swift */,
				CE024EA72113779800E51F37 /* KeychainHelper.swift */,
				CE218CD82117BCEA00AD1EF2 /* WalletService.swift */,
				CE218CE421181BAE00AD1EF2 /* Tools.swift */,
				CEC4F32D22FFE3CD00CCE1AC /* OrderService.swift */,
			);
			path = Services;
			sourceTree = "<group>";
		};
		CEEBB927210BF827007E87EE = {
			isa = PBXGroup;
			children = (
				CEEBB932210BF827007E87EE /* PhotoBank */,
				CEEBB931210BF827007E87EE /* Products */,
				1DAED0D90C7520ECA142169C /* Pods */,
				1EBC845725CB4944CE679719 /* Frameworks */,
			);
			sourceTree = "<group>";
		};
		CEEBB931210BF827007E87EE /* Products */ = {
			isa = PBXGroup;
			children = (
				CEEBB930210BF827007E87EE /* PhotoBank.app */,
			);
			name = Products;
			sourceTree = "<group>";
		};
		CEEBB932210BF827007E87EE /* PhotoBank */ = {
			isa = PBXGroup;
			children = (
				CE0AB4C92328699300101705 /* PhotoBank.entitlements */,
				CE2E628B21AA68D400BF46B8 /* Sound */,
				CEFA04122195708F00F1103A /* Utilities */,
				CE961EF2210D273500025D0D /* Services */,
				CE961EE0210D257D00025D0D /* Model */,
				CE961EE1210D258400025D0D /* View */,
				CE961EE2210D258800025D0D /* Controller */,
				CEEBB933210BF827007E87EE /* AppDelegate.swift */,
				CEEBB93D210BF829007E87EE /* Assets.xcassets */,
				CEEBB93F210BF829007E87EE /* LaunchScreen.storyboard */,
				CEEBB942210BF829007E87EE /* Info.plist */,
				CE961EDE210CDF2100025D0D /* PersistenceService.swift */,
				CE0AB4C223283A5200101705 /* Photobank.xcdatamodeld */,
				CEFA041A21992C6A00F1103A /* GoogleService-Info.plist */,
			);
			path = PhotoBank;
			sourceTree = "<group>";
		};
		CEFA04122195708F00F1103A /* Utilities */ = {
			isa = PBXGroup;
			children = (
				CEFA04132195709F00F1103A /* ErrorPresenter.swift */,
				CEFA041C219A182B00F1103A /* CurrencyField.swift */,
				CE218CDA2117BDF100AD1EF2 /* Constants.swift */,
				CE961EFD210D6D2000025D0D /* Theme.swift */,
			);
			path = Utilities;
			sourceTree = "<group>";
		};
/* End PBXGroup section */

/* Begin PBXNativeTarget section */
		CEEBB92F210BF827007E87EE /* PhotoBank */ = {
			isa = PBXNativeTarget;
			buildConfigurationList = CEEBB945210BF829007E87EE /* Build configuration list for PBXNativeTarget "PhotoBank" */;
			buildPhases = (
				6D607D61AC3F1CF516C4BA6C /* [CP] Check Pods Manifest.lock */,
				CEEBB92C210BF827007E87EE /* Sources */,
				CEEBB92D210BF827007E87EE /* Frameworks */,
				CEEBB92E210BF827007E87EE /* Resources */,
				1F28CC346ECBC4E80CCB4327 /* [CP] Embed Pods Frameworks */,
			);
			buildRules = (
			);
			dependencies = (
			);
			name = PhotoBank;
			productName = Sparrow;
			productReference = CEEBB930210BF827007E87EE /* PhotoBank.app */;
			productType = "com.apple.product-type.application";
		};
/* End PBXNativeTarget section */

/* Begin PBXProject section */
		CEEBB928210BF827007E87EE /* Project object */ = {
			isa = PBXProject;
			attributes = {
				LastSwiftUpdateCheck = 0940;
				LastUpgradeCheck = 0940;
				ORGANIZATIONNAME = Sugar;
				TargetAttributes = {
					CEEBB92F210BF827007E87EE = {
						CreatedOnToolsVersion = 9.4;
						SystemCapabilities = {
							com.apple.Push = {
								enabled = 1;
							};
						};
					};
				};
			};
			buildConfigurationList = CEEBB92B210BF827007E87EE /* Build configuration list for PBXProject "PhotoBank" */;
			compatibilityVersion = "Xcode 9.3";
			developmentRegion = en;
			hasScannedForEncodings = 0;
			knownRegions = (
				en,
				Base,
			);
			mainGroup = CEEBB927210BF827007E87EE;
			productRefGroup = CEEBB931210BF827007E87EE /* Products */;
			projectDirPath = "";
			projectRoot = "";
			targets = (
				CEEBB92F210BF827007E87EE /* PhotoBank */,
			);
		};
/* End PBXProject section */

/* Begin PBXResourcesBuildPhase section */
		CEEBB92E210BF827007E87EE /* Resources */ = {
			isa = PBXResourcesBuildPhase;
			buildActionMask = 2147483647;
			files = (
				CEEBB941210BF829007E87EE /* LaunchScreen.storyboard in Resources */,
				CE2E629621AA691C00BF46B8 /* thud.m4a in Resources */,
				CE2E629821AA691C00BF46B8 /* tab02.m4a in Resources */,
				CE2E629421AA691C00BF46B8 /* tab01.m4a in Resources */,
				CE2E629921AA691C00BF46B8 /* select01.m4a in Resources */,
				CE2E629721AA691C00BF46B8 /* pay.m4a in Resources */,
				CE2E629521AA691C00BF46B8 /* tab03.m4a in Resources */,
				CEEBB93E210BF829007E87EE /* Assets.xcassets in Resources */,
				CEFA041B21992C6B00F1103A /* GoogleService-Info.plist in Resources */,
			);
			runOnlyForDeploymentPostprocessing = 0;
		};
/* End PBXResourcesBuildPhase section */

/* Begin PBXShellScriptBuildPhase section */
		1F28CC346ECBC4E80CCB4327 /* [CP] Embed Pods Frameworks */ = {
			isa = PBXShellScriptBuildPhase;
			buildActionMask = 2147483647;
			files = (
			);
			inputFileListPaths = (
				"${PODS_ROOT}/Target Support Files/Pods-PhotoBank/Pods-PhotoBank-frameworks-${CONFIGURATION}-input-files.xcfilelist",
			);
			name = "[CP] Embed Pods Frameworks";
			outputFileListPaths = (
				"${PODS_ROOT}/Target Support Files/Pods-PhotoBank/Pods-PhotoBank-frameworks-${CONFIGURATION}-output-files.xcfilelist",
			);
			runOnlyForDeploymentPostprocessing = 0;
			shellPath = /bin/sh;
			shellScript = "\"${PODS_ROOT}/Target Support Files/Pods-PhotoBank/Pods-PhotoBank-frameworks.sh\"\n";
			showEnvVarsInLog = 0;
		};
		6D607D61AC3F1CF516C4BA6C /* [CP] Check Pods Manifest.lock */ = {
			isa = PBXShellScriptBuildPhase;
			buildActionMask = 2147483647;
			files = (
			);
			inputFileListPaths = (
			);
			inputPaths = (
				"${PODS_PODFILE_DIR_PATH}/Podfile.lock",
				"${PODS_ROOT}/Manifest.lock",
			);
			name = "[CP] Check Pods Manifest.lock";
			outputFileListPaths = (
			);
			outputPaths = (
				"$(DERIVED_FILE_DIR)/Pods-PhotoBank-checkManifestLockResult.txt",
			);
			runOnlyForDeploymentPostprocessing = 0;
			shellPath = /bin/sh;
			shellScript = "diff \"${PODS_PODFILE_DIR_PATH}/Podfile.lock\" \"${PODS_ROOT}/Manifest.lock\" > /dev/null\nif [ $? != 0 ] ; then\n    # print error to STDERR\n    echo \"error: The sandbox is not in sync with the Podfile.lock. Run 'pod install' or update your CocoaPods installation.\" >&2\n    exit 1\nfi\n# This output is used by Xcode 'outputs' to avoid re-running this script phase.\necho \"SUCCESS\" > \"${SCRIPT_OUTPUT_FILE_0}\"\n";
			showEnvVarsInLog = 0;
		};
/* End PBXShellScriptBuildPhase section */

/* Begin PBXSourcesBuildPhase section */
		CEEBB92C210BF827007E87EE /* Sources */ = {
			isa = PBXSourcesBuildPhase;
			buildActionMask = 2147483647;
			files = (
				CE0AB4B82327286900101705 /* OrderController.swift in Sources */,
				CEFAA6B92321B49400D123D7 /* WalletLoginController.swift in Sources */,
				CE75AE272133E95900A54F42 /* ReceiptController.swift in Sources */,
				CE024EAA2113783F00E51F37 /* QRController.swift in Sources */,
				CEFAA6BB2321F98F00D123D7 /* MessagesController.swift in Sources */,
				CE4A957923133A9400EFC617 /* Activity+CoreDataClass.swift in Sources */,
				CEFAA6C7232200A600D123D7 /* ChatInputView.swift in Sources */,
				CE218CF52118CB6500AD1EF2 /* ScanController.swift in Sources */,
				CEEBB936210BF827007E87EE /* UserController.swift in Sources */,
				CE218CEB2118C27700AD1EF2 /* EmailController.swift in Sources */,
				CE024EA6211376A600E51F37 /* WalletHeaderView.swift in Sources */,
				CE4A957B23133DE400EFC617 /* AdCell.swift in Sources */,
				CE024EC42113D4A500E51F37 /* PhotoButton.swift in Sources */,
				CEDA042D2112AF1E00F57E15 /* PhotoCell.swift in Sources */,
				CE024EBC2113A8D500E51F37 /* HomeController.swift in Sources */,
				CE024EA2211372AD00E51F37 /* UserService.swift in Sources */,
				CE961F27210EE29000025D0D /* Activity+CoreDataClass.swift in Sources */,
				CE16B164211F60010047E903 /* ProfileButton.swift in Sources */,
				CE0AB4BA23272B1B00101705 /* OrderConfirmController.swift in Sources */,
				CE2E61AB21A1099B00BF46B8 /* Like+CoreDataClass.swift in Sources */,
				CEFAA6C52322008800D123D7 /* MessageCell.swift in Sources */,
				CE218CF72118CE1700AD1EF2 /* PaymentCell.swift in Sources */,
				CE2E628D21AA68DF00BF46B8 /* SoundKit.swift in Sources */,
				CE024EB221138BE600E51F37 /* UsersController.swift in Sources */,
				CECC03FA211647B800AD8390 /* Comment.swift in Sources */,
				CE024EBE2113A9EC00E51F37 /* SignupController.swift in Sources */,
				CEC4F32622FFE04800CCE1AC /* Token.swift in Sources */,
				CE2FE1A32326B7270094C633 /* MessageMoneyCell.swift in Sources */,
				CE8E2DC3211C065900B45DB2 /* Payment+CoreDataClass.swift in Sources */,
				CE0AB4B62327234900101705 /* NAVMenu.swift in Sources */,
				CE2837FC232D8F5B0080DB8B /* CameraController.swift in Sources */,
				CEEBB934210BF827007E87EE /* AppDelegate.swift in Sources */,
				CE0AB4BC23272B4800101705 /* ButtonTableFooterView.swift in Sources */,
				CEEBB94B210BF8B2007E87EE /* TimelineController.swift in Sources */,
				CEF37E3F2325A8B80028DFE0 /* PaymentController.swift in Sources */,
				CEC4F3322300A90400CCE1AC /* TableFooterView.swift in Sources */,
				CE961EDF210CDF2100025D0D /* PersistenceService.swift in Sources */,
				CECC03FD21165AF700AD8390 /* EditProfileController.swift in Sources */,
				CEFA041D219A182B00F1103A /* CurrencyField.swift in Sources */,
				CE218CF32118C63400AD1EF2 /* NotificationsController.swift in Sources */,
				CE218CED2118C2DF00AD1EF2 /* PasswordController.swift in Sources */,
				CE961EF4210D279700025D0D /* StatusHeader.swift in Sources */,
				CEC4F32822FFE0B000CCE1AC /* InputCurrencyCell.swift in Sources */,
				CE961F24210EE29000025D0D /* Status+CoreDataClass.swift in Sources */,
				CE961EDD210C517200025D0D /* StatusController.swift in Sources */,
				CE514D9D232416B00073C877 /* NavigationController.swift in Sources */,
				CE961ED7210BFD6900025D0D /* NewsService.swift in Sources */,
				CE06556E2326349600937A54 /* CashKeyboard.swift in Sources */,
				CE961F28210EE29000025D0D /* Status+CoreDataProperties.swift in Sources */,
				CE2837FA232D7F740080DB8B /* VerticalController.swift in Sources */,
				CE024EBA2113A76400E51F37 /* InputTextCell.swift in Sources */,
				CE024EAE2113886100E51F37 /* CommentCell.swift in Sources */,
				CE218CF92118EA4F00AD1EF2 /* RecoveryController.swift in Sources */,
				CE4A9575231321E200EFC617 /* AdService.swift in Sources */,
				CE024EA82113779800E51F37 /* KeychainHelper.swift in Sources */,
				CE961F26210EE29000025D0D /* User+CoreDataClass.swift in Sources */,
				CE961F00210D713600025D0D /* ComposeController.swift in Sources */,
				CE2837FE232DA52C0080DB8B /* StoryCollectionView.swift in Sources */,
				CE024EB82113A04C00E51F37 /* LoginController.swift in Sources */,
				CE961F02210D752C00025D0D /* ComposeToolbar.swift in Sources */,
				CE961EFA210D6C0900025D0D /* AccountController.swift in Sources */,
				CE06556C2325EC7400937A54 /* ChatCell.swift in Sources */,
				CE218CE521181BAE00AD1EF2 /* Tools.swift in Sources */,
				CE0629B12234C69E002C5AB0 /* TagsController.swift in Sources */,
				CECC040321176F2500AD8390 /* ActivityService.swift in Sources */,
				CE961EFC210D6C8A00025D0D /* AccountHeader.swift in Sources */,
				CEB4800021B6866600DFFB57 /* SwipeController.swift in Sources */,
				CE4A957823133A9400EFC617 /* Activity+CoreDataProperties.swift in Sources */,
				CEFAA6BD2321FCC900D123D7 /* ChatController.swift in Sources */,
				CE024EB62113A02E00E51F37 /* LoginToolbar.swift in Sources */,
				CE961EFE210D6D2000025D0D /* Theme.swift in Sources */,
				CE0AB4C423283A5200101705 /* Photobank.xcdatamodeld in Sources */,
				CE2837F8232C49AC0080DB8B /* AVController.swift in Sources */,
				CE024EA42113768F00E51F37 /* WalletController.swift in Sources */,
				CEC4F32222FFD33200CCE1AC /* PayController.swift in Sources */,
				CEFAA6BF2321FD9C00D123D7 /* Chat.swift in Sources */,
				CECC03FF21165D6E00AD8390 /* InputTextViewCell.swift in Sources */,
				CEFAA6C32321FF6000D123D7 /* ChatService.swift in Sources */,
				CEFAA6C92322156E00D123D7 /* NewChatController.swift in Sources */,
				CEC4F32E22FFE3CD00CCE1AC /* OrderService.swift in Sources */,
				CE16B162211E85900047E903 /* PendingController.swift in Sources */,
				CE218CDB2117BDF100AD1EF2 /* Constants.swift in Sources */,
				CE8E2DC5211C066100B45DB2 /* Payment+CoreDataProperties.swift in Sources */,
				CE218CE12117CA1D00AD1EF2 /* MnemonicController.swift in Sources */,
				CE218CD72117BC0600AD1EF2 /* AmountController.swift in Sources */,
				CE0AB4C72328530E00101705 /* Ad+CoreDataClass.swift in Sources */,
				CE218CD92117BCEA00AD1EF2 /* WalletService.swift in Sources */,
				CE024EB0211388B600E51F37 /* CommentInputView.swift in Sources */,
				CE218CEF2118C30C00AD1EF2 /* BlockedUsersController.swift in Sources */,
				CE024EB421139D0300E51F37 /* Model.swift in Sources */,
				CEC4F32A22FFE0D900CCE1AC /* TransactionType.swift in Sources */,
				CEF37E412325A8F70028DFE0 /* PaymentHeader.swift in Sources */,
				CEEBB94D210BF8C9007E87EE /* StatusCell.swift in Sources */,
				CEEBB949210BF896007E87EE /* TabBar.swift in Sources */,
				CEFA04142195709F00F1103A /* ErrorPresenter.swift in Sources */,
				CE024EC02113AA5F00E51F37 /* UsernameController.swift in Sources */,
				CE2E61AC21A1099B00BF46B8 /* Like+CoreDataProperties.swift in Sources */,
				CE75AE252133CB1B00A54F42 /* ActivityCell.swift in Sources */,
				CE0AB4BE23275C2A00101705 /* FooterLoginView.swift in Sources */,
				CE218CE72118266000AD1EF2 /* ConfirmPaymentController.swift in Sources */,
				CEDA042F2112C02500F57E15 /* DiscoverController.swift in Sources */,
				CE961EF8210D364400025D0D /* ActivityController.swift in Sources */,
				CECC040121176C2400AD8390 /* Activity+CoreDataClass.swift in Sources */,
				CE024EC22113AD3900E51F37 /* PixelView.swift in Sources */,
				CE2EEEA2232B64A200658A17 /* NewPageController.swift in Sources */,
				CE218CF12118C33600AD1EF2 /* UserCell.swift in Sources */,
				CE024EAC2113883B00E51F37 /* CommentsController.swift in Sources */,
				CE283800232DA5E90080DB8B /* StoryCell.swift in Sources */,
				CE0AB4C82328530E00101705 /* Ad+CoreDataProperties.swift in Sources */,
				CEC4F32C22FFE17100CCE1AC /* InputNumberCellDelegate.swift in Sources */,
				CEC4F33022FFE3FF00CCE1AC /* ExchangeOrder.swift in Sources */,
				CEFAA6C12321FDC300D123D7 /* Message.swift in Sources */,
				CE218CE92118C24B00AD1EF2 /* SecurityController.swift in Sources */,
				CE961EF6210D2FBB00025D0D /* UserHeader.swift in Sources */,
			);
			runOnlyForDeploymentPostprocessing = 0;
		};
/* End PBXSourcesBuildPhase section */

/* Begin PBXVariantGroup section */
		CEEBB93F210BF829007E87EE /* LaunchScreen.storyboard */ = {
			isa = PBXVariantGroup;
			children = (
				CEEBB940210BF829007E87EE /* Base */,
			);
			name = LaunchScreen.storyboard;
			sourceTree = "<group>";
		};
/* End PBXVariantGroup section */

/* Begin XCBuildConfiguration section */
		CEEBB943210BF829007E87EE /* Debug */ = {
			isa = XCBuildConfiguration;
			buildSettings = {
				ALWAYS_SEARCH_USER_PATHS = NO;
				CLANG_ANALYZER_NONNULL = YES;
				CLANG_ANALYZER_NUMBER_OBJECT_CONVERSION = YES_AGGRESSIVE;
				CLANG_CXX_LANGUAGE_STANDARD = "gnu++14";
				CLANG_CXX_LIBRARY = "libc++";
				CLANG_ENABLE_MODULES = YES;
				CLANG_ENABLE_OBJC_ARC = YES;
				CLANG_ENABLE_OBJC_WEAK = YES;
				CLANG_WARN_BLOCK_CAPTURE_AUTORELEASING = YES;
				CLANG_WARN_BOOL_CONVERSION = YES;
				CLANG_WARN_COMMA = YES;
				CLANG_WARN_CONSTANT_CONVERSION = YES;
				CLANG_WARN_DEPRECATED_OBJC_IMPLEMENTATIONS = YES;
				CLANG_WARN_DIRECT_OBJC_ISA_USAGE = YES_ERROR;
				CLANG_WARN_DOCUMENTATION_COMMENTS = YES;
				CLANG_WARN_EMPTY_BODY = YES;
				CLANG_WARN_ENUM_CONVERSION = YES;
				CLANG_WARN_INFINITE_RECURSION = YES;
				CLANG_WARN_INT_CONVERSION = YES;
				CLANG_WARN_NON_LITERAL_NULL_CONVERSION = YES;
				CLANG_WARN_OBJC_IMPLICIT_RETAIN_SELF = YES;
				CLANG_WARN_OBJC_LITERAL_CONVERSION = YES;
				CLANG_WARN_OBJC_ROOT_CLASS = YES_ERROR;
				CLANG_WARN_RANGE_LOOP_ANALYSIS = YES;
				CLANG_WARN_STRICT_PROTOTYPES = YES;
				CLANG_WARN_SUSPICIOUS_MOVE = YES;
				CLANG_WARN_UNGUARDED_AVAILABILITY = YES_AGGRESSIVE;
				CLANG_WARN_UNREACHABLE_CODE = YES;
				CLANG_WARN__DUPLICATE_METHOD_MATCH = YES;
				CODE_SIGN_IDENTITY = "iPhone Developer";
				COPY_PHASE_STRIP = NO;
				DEBUG_INFORMATION_FORMAT = dwarf;
				ENABLE_STRICT_OBJC_MSGSEND = YES;
				ENABLE_TESTABILITY = YES;
				GCC_C_LANGUAGE_STANDARD = gnu11;
				GCC_DYNAMIC_NO_PIC = NO;
				GCC_NO_COMMON_BLOCKS = YES;
				GCC_OPTIMIZATION_LEVEL = 0;
				GCC_PREPROCESSOR_DEFINITIONS = (
					"DEBUG=1",
					"$(inherited)",
				);
				GCC_WARN_64_TO_32_BIT_CONVERSION = YES;
				GCC_WARN_ABOUT_RETURN_TYPE = YES_ERROR;
				GCC_WARN_UNDECLARED_SELECTOR = YES;
				GCC_WARN_UNINITIALIZED_AUTOS = YES_AGGRESSIVE;
				GCC_WARN_UNUSED_FUNCTION = YES;
				GCC_WARN_UNUSED_VARIABLE = YES;
				IPHONEOS_DEPLOYMENT_TARGET = 11.4;
				MTL_ENABLE_DEBUG_INFO = YES;
				ONLY_ACTIVE_ARCH = YES;
				SDKROOT = iphoneos;
				SWIFT_ACTIVE_COMPILATION_CONDITIONS = DEBUG;
				SWIFT_OPTIMIZATION_LEVEL = "-Onone";
				SWIFT_VERSION = 4.2;
			};
			name = Debug;
		};
		CEEBB944210BF829007E87EE /* Release */ = {
			isa = XCBuildConfiguration;
			buildSettings = {
				ALWAYS_SEARCH_USER_PATHS = NO;
				CLANG_ANALYZER_NONNULL = YES;
				CLANG_ANALYZER_NUMBER_OBJECT_CONVERSION = YES_AGGRESSIVE;
				CLANG_CXX_LANGUAGE_STANDARD = "gnu++14";
				CLANG_CXX_LIBRARY = "libc++";
				CLANG_ENABLE_MODULES = YES;
				CLANG_ENABLE_OBJC_ARC = YES;
				CLANG_ENABLE_OBJC_WEAK = YES;
				CLANG_WARN_BLOCK_CAPTURE_AUTORELEASING = YES;
				CLANG_WARN_BOOL_CONVERSION = YES;
				CLANG_WARN_COMMA = YES;
				CLANG_WARN_CONSTANT_CONVERSION = YES;
				CLANG_WARN_DEPRECATED_OBJC_IMPLEMENTATIONS = YES;
				CLANG_WARN_DIRECT_OBJC_ISA_USAGE = YES_ERROR;
				CLANG_WARN_DOCUMENTATION_COMMENTS = YES;
				CLANG_WARN_EMPTY_BODY = YES;
				CLANG_WARN_ENUM_CONVERSION = YES;
				CLANG_WARN_INFINITE_RECURSION = YES;
				CLANG_WARN_INT_CONVERSION = YES;
				CLANG_WARN_NON_LITERAL_NULL_CONVERSION = YES;
				CLANG_WARN_OBJC_IMPLICIT_RETAIN_SELF = YES;
				CLANG_WARN_OBJC_LITERAL_CONVERSION = YES;
				CLANG_WARN_OBJC_ROOT_CLASS = YES_ERROR;
				CLANG_WARN_RANGE_LOOP_ANALYSIS = YES;
				CLANG_WARN_STRICT_PROTOTYPES = YES;
				CLANG_WARN_SUSPICIOUS_MOVE = YES;
				CLANG_WARN_UNGUARDED_AVAILABILITY = YES_AGGRESSIVE;
				CLANG_WARN_UNREACHABLE_CODE = YES;
				CLANG_WARN__DUPLICATE_METHOD_MATCH = YES;
				CODE_SIGN_IDENTITY = "iPhone Developer";
				COPY_PHASE_STRIP = NO;
				DEBUG_INFORMATION_FORMAT = "dwarf-with-dsym";
				ENABLE_NS_ASSERTIONS = NO;
				ENABLE_STRICT_OBJC_MSGSEND = YES;
				GCC_C_LANGUAGE_STANDARD = gnu11;
				GCC_NO_COMMON_BLOCKS = YES;
				GCC_WARN_64_TO_32_BIT_CONVERSION = YES;
				GCC_WARN_ABOUT_RETURN_TYPE = YES_ERROR;
				GCC_WARN_UNDECLARED_SELECTOR = YES;
				GCC_WARN_UNINITIALIZED_AUTOS = YES_AGGRESSIVE;
				GCC_WARN_UNUSED_FUNCTION = YES;
				GCC_WARN_UNUSED_VARIABLE = YES;
				IPHONEOS_DEPLOYMENT_TARGET = 11.4;
				MTL_ENABLE_DEBUG_INFO = NO;
				SDKROOT = iphoneos;
				SWIFT_COMPILATION_MODE = wholemodule;
				SWIFT_OPTIMIZATION_LEVEL = "-O";
				SWIFT_VERSION = 4.2;
				VALIDATE_PRODUCT = YES;
			};
			name = Release;
		};
		CEEBB946210BF829007E87EE /* Debug */ = {
			isa = XCBuildConfiguration;
			baseConfigurationReference = 756EB2943701D23EB1D503A6 /* Pods-PhotoBank.debug.xcconfig */;
			buildSettings = {
				ASSETCATALOG_COMPILER_APPICON_NAME = AppIcon;
				CODE_SIGN_ENTITLEMENTS = PhotoBank/PhotoBank.entitlements;
				CODE_SIGN_IDENTITY = "iPhone Developer";
				CODE_SIGN_STYLE = Automatic;
				DEVELOPMENT_TEAM = CKRM3BRD2H;
				INFOPLIST_FILE = "$(SRCROOT)/PhotoBank/Info.plist";
				LD_RUNPATH_SEARCH_PATHS = (
					"$(inherited)",
					"@executable_path/Frameworks",
				);
				PRODUCT_BUNDLE_IDENTIFIER = com.stack.photobank;
				PRODUCT_NAME = "$(TARGET_NAME)";
				PROVISIONING_PROFILE_SPECIFIER = "";
				SWIFT_VERSION = 4.0;
				TARGETED_DEVICE_FAMILY = "1,2";
			};
			name = Debug;
		};
		CEEBB947210BF829007E87EE /* Release */ = {
			isa = XCBuildConfiguration;
			baseConfigurationReference = 33C1161669D002C5429683CE /* Pods-PhotoBank.release.xcconfig */;
			buildSettings = {
				ASSETCATALOG_COMPILER_APPICON_NAME = AppIcon;
				CODE_SIGN_ENTITLEMENTS = PhotoBank/PhotoBank.entitlements;
				CODE_SIGN_IDENTITY = "iPhone Developer";
				CODE_SIGN_STYLE = Automatic;
				DEVELOPMENT_TEAM = CKRM3BRD2H;
				INFOPLIST_FILE = "$(SRCROOT)/PhotoBank/Info.plist";
				LD_RUNPATH_SEARCH_PATHS = (
					"$(inherited)",
					"@executable_path/Frameworks",
				);
				PRODUCT_BUNDLE_IDENTIFIER = com.stack.photobank;
				PRODUCT_NAME = "$(TARGET_NAME)";
				PROVISIONING_PROFILE_SPECIFIER = "";
				SWIFT_VERSION = 4.0;
				TARGETED_DEVICE_FAMILY = "1,2";
			};
			name = Release;
		};
/* End XCBuildConfiguration section */

/* Begin XCConfigurationList section */
		CEEBB92B210BF827007E87EE /* Build configuration list for PBXProject "PhotoBank" */ = {
			isa = XCConfigurationList;
			buildConfigurations = (
				CEEBB943210BF829007E87EE /* Debug */,
				CEEBB944210BF829007E87EE /* Release */,
			);
			defaultConfigurationIsVisible = 0;
			defaultConfigurationName = Release;
		};
		CEEBB945210BF829007E87EE /* Build configuration list for PBXNativeTarget "PhotoBank" */ = {
			isa = XCConfigurationList;
			buildConfigurations = (
				CEEBB946210BF829007E87EE /* Debug */,
				CEEBB947210BF829007E87EE /* Release */,
			);
			defaultConfigurationIsVisible = 0;
			defaultConfigurationName = Release;
		};
/* End XCConfigurationList section */

/* Begin XCVersionGroup section */
		CE0AB4C223283A5200101705 /* Photobank.xcdatamodeld */ = {
			isa = XCVersionGroup;
			children = (
				CE0AB4C323283A5200101705 /* Photobank.xcdatamodel */,
			);
			currentVersion = CE0AB4C323283A5200101705 /* Photobank.xcdatamodel */;
			path = Photobank.xcdatamodeld;
			sourceTree = "<group>";
			versionGroupType = wrapper.xcdatamodel;
		};
/* End XCVersionGroup section */
	};
	rootObject = CEEBB928210BF827007E87EE /* Project object */;
}
